
Microsoft Visual Studio Solution File, Format Version 12.00
# Visual Studio 15
VisualStudioVersion = 15.0.28307.572
MinimumVisualStudioVersion = 10.0.40219.1
Project("{9A19103F-16F7-4668-BE54-9A1E7A4F7556}") = "Merchant's Guide to the Galaxy", "Merchant's Guide to the Galaxy\Merchant's Guide to the Galaxy.csproj", "{21792DB7-0AC8-4CE9-A35A-B36AB3970A65}"
EndProject
Project("{9A19103F-16F7-4668-BE54-9A1E7A4F7556}") = "ConferenceTrackManagement", "ConferenceTrackManagement\ConferenceTrackManagement.csproj", "{DE8026AA-0B83-441E-A466-F1613CAFBE49}"
EndProject
Project("{FAE04EC0-301F-11D3-BF4B-00C04F79EFBC}") = "ConferenceTrackManagement.UnitTest", "ConferenceTrackManagement.UnitTest\ConferenceTrackManagement.UnitTest.csproj", "{4599BA72-E7E7-40DA-BDFB-B1454118D4F1}"
EndProject
Global
	GlobalSection(SolutionConfigurationPlatforms) = preSolution
		Debug|Any CPU = Debug|Any CPU
		Release|Any CPU = Release|Any CPU
	EndGlobalSection
	GlobalSection(ProjectConfigurationPlatforms) = postSolution
		{21792DB7-0AC8-4CE9-A35A-B36AB3970A65}.Debug|Any CPU.ActiveCfg = Debug|Any CPU
		{21792DB7-0AC8-4CE9-A35A-B36AB3970A65}.Debug|Any CPU.Build.0 = Debug|Any CPU
		{21792DB7-0AC8-4CE9-A35A-B36AB3970A65}.Release|Any CPU.ActiveCfg = Release|Any CPU
		{21792DB7-0AC8-4CE9-A35A-B36AB3970A65}.Release|Any CPU.Build.0 = Release|Any CPU
		{DE8026AA-0B83-441E-A466-F1613CAFBE49}.Debug|Any CPU.ActiveCfg = Debug|Any CPU
		{DE8026AA-0B83-441E-A466-F1613CAFBE49}.Debug|Any CPU.Build.0 = Debug|Any CPU
		{DE8026AA-0B83-441E-A466-F1613CAFBE49}.Release|Any CPU.ActiveCfg = Release|Any CPU
		{DE8026AA-0B83-441E-A466-F1613CAFBE49}.Release|Any CPU.Build.0 = Release|Any CPU
		{4599BA72-E7E7-40DA-BDFB-B1454118D4F1}.Debug|Any CPU.ActiveCfg = Debug|Any CPU
		{4599BA72-E7E7-40DA-BDFB-B1454118D4F1}.Debug|Any CPU.Build.0 = Debug|Any CPU
		{4599BA72-E7E7-40DA-BDFB-B1454118D4F1}.Release|Any CPU.ActiveCfg = Release|Any CPU
		{4599BA72-E7E7-40DA-BDFB-B1454118D4F1}.Release|Any CPU.Build.0 = Release|Any CPU
	EndGlobalSection
	GlobalSection(SolutionProperties) = preSolution
		HideSolutionNode = FALSE
	EndGlobalSection
	GlobalSection(ExtensibilityGlobals) = postSolution
		SolutionGuid = {DD2BD5EE-2FB5-497A-9B90-7B1B32A1F2AA}
	EndGlobalSection
EndGlobal
